
Microsoft Visual Studio Solution File, Format Version 12.00
Project("{2150E333-8FDC-42A3-9474-1A3956D46DE8}") = "src", "src", "{F462AA16-547E-4C74-89A2-5308F901122C}"
EndProject
Project("{2150E333-8FDC-42A3-9474-1A3956D46DE8}") = "test", "test", "{4C719486-60BB-4F37-80AC-ABA0778BD3AD}"
	ProjectSection(SolutionItems) = preProject
		test\allureConfig.json = test\allureConfig.json
	EndProjectSection
EndProject
Project("{2150E333-8FDC-42A3-9474-1A3956D46DE8}") = "Unit", "Unit", "{AF39669D-4AEE-4390-952C-02DBBD3347A1}"
EndProject
Project("{2150E333-8FDC-42A3-9474-1A3956D46DE8}") = "deploy", "deploy", "{3A1B411B-ECE7-4409-B28D-A40B6E650E26}"
	ProjectSection(SolutionItems) = preProject
		deploy\docker-compose.yaml = deploy\docker-compose.yaml
	EndProjectSection
EndProject
Project("{2150E333-8FDC-42A3-9474-1A3956D46DE8}") = "Integration", "Integration", "{164A1157-BED3-4CA5-8869-B40E1F141B77}"
EndProject
Project("{2150E333-8FDC-42A3-9474-1A3956D46DE8}") = "grafana", "grafana", "{7E443BA4-064A-4062-8EF3-BB1B5F22E20D}"
	ProjectSection(SolutionItems) = preProject
		deploy\grafana\dashboard.yml = deploy\grafana\dashboard.yml
		deploy\grafana\datasources.yml = deploy\grafana\datasources.yml
	EndProjectSection
EndProject
Project("{2150E333-8FDC-42A3-9474-1A3956D46DE8}") = "prometheus", "prometheus", "{8063DDB4-1894-4971-A5B1-AD08EC8BACC9}"
	ProjectSection(SolutionItems) = preProject
		deploy\prometheus\prometheus.yml = deploy\prometheus\prometheus.yml
	EndProjectSection
EndProject
Project("{2150E333-8FDC-42A3-9474-1A3956D46DE8}") = "dashboards", "dashboards", "{EF4E6105-412B-491F-889E-4D97769196A7}"
	ProjectSection(SolutionItems) = preProject
		deploy\grafana\dashboards\cadastro-dashboard.json = deploy\grafana\dashboards\cadastro-dashboard.json
		deploy\grafana\dashboards\consulta-dashboard.json = deploy\grafana\dashboards\consulta-dashboard.json
	EndProjectSection
EndProject
Project("{2150E333-8FDC-42A3-9474-1A3956D46DE8}") = "Services", "Services", "{AF3AC6F4-72CE-4DED-880E-1CFBD8E9159C}"
EndProject
Project("{2150E333-8FDC-42A3-9474-1A3956D46DE8}") = "Cadastros", "Cadastros", "{CE2DF301-F997-4289-90D2-5BE0002E30F7}"
EndProject
Project("{2150E333-8FDC-42A3-9474-1A3956D46DE8}") = "Consultas", "Consultas", "{C45A6FDF-48CA-4952-9AB4-3EFE9CF0BC7F}"
EndProject
Project("{2150E333-8FDC-42A3-9474-1A3956D46DE8}") = "BuildingBlocks", "BuildingBlocks", "{D971BE94-680E-4B9B-871F-3E2E691E4FF9}"
EndProject
Project("{2150E333-8FDC-42A3-9474-1A3956D46DE8}") = "Solution Items", "Solution Items", "{6892B9DB-9F8D-4A11-9B46-F0093F797A66}"
	ProjectSection(SolutionItems) = preProject
		.editorconfig = .editorconfig
		LICENSE = LICENSE
		README.md = README.md
	EndProjectSection
EndProject
Project("{FAE04EC0-301F-11D3-BF4B-00C04F79EFBC}") = "Contatos.Cadastro.Api", "src\Services\Contatos.Cadastro.Api\Contatos.Cadastro.Api.csproj", "{761A2983-1170-4BD7-8998-E137F1DB6DD2}"
EndProject
Project("{FAE04EC0-301F-11D3-BF4B-00C04F79EFBC}") = "Commons.Domain", "src\BuildingBlocks\Commons.Domain\Commons.Domain.csproj", "{A0DFCDC8-2DD7-4822-99A6-FA6B9E04E860}"
EndProject
Project("{FAE04EC0-301F-11D3-BF4B-00C04F79EFBC}") = "Contatos.ServiceDefaults", "src\BuildingBlocks\Contatos.ServiceDefaults\Contatos.ServiceDefaults.csproj", "{03C76E7B-960C-456F-99ED-3A3E22FE09C9}"
EndProject
Project("{FAE04EC0-301F-11D3-BF4B-00C04F79EFBC}") = "Contatos.Consulta.Api", "src\Services\Contatos.Consulta.Api\Contatos.Consulta.Api.csproj", "{B27B189A-903E-4052-9D84-8267966D47D4}"
EndProject
Project("{FAE04EC0-301F-11D3-BF4B-00C04F79EFBC}") = "Contatos.Cadastro.UnitTest", "test\Contatos.Cadastro.UnitTest\Contatos.Cadastro.UnitTest.csproj", "{D35191BF-B38C-4A66-A319-026A9B458B85}"
EndProject
Project("{FAE04EC0-301F-11D3-BF4B-00C04F79EFBC}") = "Contatos.Consulta.UnitTest", "test\Contatos.Consulta.UnitTest\Contatos.Consulta.UnitTest.csproj", "{4D8B866C-7A14-475C-ACF7-17560BEC0483}"
EndProject
Project("{FAE04EC0-301F-11D3-BF4B-00C04F79EFBC}") = "Contatos.Cadastro.IntegrationTest", "test\Contatos.Cadastro.IntegrationTest\Contatos.Cadastro.IntegrationTest.csproj", "{4DB9485B-A92F-4C9E-A01A-6EC260D47081}"
EndProject
Project("{FAE04EC0-301F-11D3-BF4B-00C04F79EFBC}") = "Contatos.Consulta.IntegrationTest", "test\Contatos.Consulta.IntegrationTest\Contatos.Consulta.IntegrationTest.csproj", "{DA04E762-2C55-4D1C-88A8-FB996366730E}"
EndProject
Project("{FAE04EC0-301F-11D3-BF4B-00C04F79EFBC}") = "MessageBus", "src\BuildingBlocks\MessageBus\MessageBus.csproj", "{B732B66D-07D9-475B-AC0A-27804582C2E1}"
EndProject
Project("{FAE04EC0-301F-11D3-BF4B-00C04F79EFBC}") = "Contatos.Test.Commons", "test\Contatos.Test.Commons\Contatos.Test.Commons.csproj", "{2C1A9725-2E16-46F2-BFBB-0D6F9C174009}"
EndProject
Project("{2150E333-8FDC-42A3-9474-1A3956D46DE8}") = "terraform", "terraform", "{6F1B9972-2C99-45AB-B822-B1B4A99C8EEE}"
	ProjectSection(SolutionItems) = preProject
		deploy\terraform\.terraform.lock.hcl = deploy\terraform\.terraform.lock.hcl
		deploy\terraform\main.tf = deploy\terraform\main.tf
		deploy\terraform\provider.tf = deploy\terraform\provider.tf
		deploy\terraform\terraform.tf = deploy\terraform\terraform.tf
	EndProjectSection
EndProject
Global
	GlobalSection(SolutionConfigurationPlatforms) = preSolution
		Debug|Any CPU = Debug|Any CPU
		Release|Any CPU = Release|Any CPU
	EndGlobalSection
	GlobalSection(NestedProjects) = preSolution
		{AF39669D-4AEE-4390-952C-02DBBD3347A1} = {4C719486-60BB-4F37-80AC-ABA0778BD3AD}
		{164A1157-BED3-4CA5-8869-B40E1F141B77} = {4C719486-60BB-4F37-80AC-ABA0778BD3AD}
		{7E443BA4-064A-4062-8EF3-BB1B5F22E20D} = {3A1B411B-ECE7-4409-B28D-A40B6E650E26}
		{8063DDB4-1894-4971-A5B1-AD08EC8BACC9} = {3A1B411B-ECE7-4409-B28D-A40B6E650E26}
		{EF4E6105-412B-491F-889E-4D97769196A7} = {7E443BA4-064A-4062-8EF3-BB1B5F22E20D}
		{AF3AC6F4-72CE-4DED-880E-1CFBD8E9159C} = {F462AA16-547E-4C74-89A2-5308F901122C}
		{CE2DF301-F997-4289-90D2-5BE0002E30F7} = {AF3AC6F4-72CE-4DED-880E-1CFBD8E9159C}
		{C45A6FDF-48CA-4952-9AB4-3EFE9CF0BC7F} = {AF3AC6F4-72CE-4DED-880E-1CFBD8E9159C}
		{D971BE94-680E-4B9B-871F-3E2E691E4FF9} = {F462AA16-547E-4C74-89A2-5308F901122C}
		{761A2983-1170-4BD7-8998-E137F1DB6DD2} = {CE2DF301-F997-4289-90D2-5BE0002E30F7}
		{A0DFCDC8-2DD7-4822-99A6-FA6B9E04E860} = {D971BE94-680E-4B9B-871F-3E2E691E4FF9}
		{03C76E7B-960C-456F-99ED-3A3E22FE09C9} = {D971BE94-680E-4B9B-871F-3E2E691E4FF9}
		{B27B189A-903E-4052-9D84-8267966D47D4} = {C45A6FDF-48CA-4952-9AB4-3EFE9CF0BC7F}
		{D35191BF-B38C-4A66-A319-026A9B458B85} = {AF39669D-4AEE-4390-952C-02DBBD3347A1}
		{4D8B866C-7A14-475C-ACF7-17560BEC0483} = {AF39669D-4AEE-4390-952C-02DBBD3347A1}
		{4DB9485B-A92F-4C9E-A01A-6EC260D47081} = {164A1157-BED3-4CA5-8869-B40E1F141B77}
		{DA04E762-2C55-4D1C-88A8-FB996366730E} = {164A1157-BED3-4CA5-8869-B40E1F141B77}
		{B732B66D-07D9-475B-AC0A-27804582C2E1} = {D971BE94-680E-4B9B-871F-3E2E691E4FF9}
		{2C1A9725-2E16-46F2-BFBB-0D6F9C174009} = {4C719486-60BB-4F37-80AC-ABA0778BD3AD}
		{6F1B9972-2C99-45AB-B822-B1B4A99C8EEE} = {3A1B411B-ECE7-4409-B28D-A40B6E650E26}
	EndGlobalSection
	GlobalSection(ProjectConfigurationPlatforms) = postSolution
		{761A2983-1170-4BD7-8998-E137F1DB6DD2}.Debug|Any CPU.ActiveCfg = Debug|Any CPU
		{761A2983-1170-4BD7-8998-E137F1DB6DD2}.Debug|Any CPU.Build.0 = Debug|Any CPU
		{761A2983-1170-4BD7-8998-E137F1DB6DD2}.Release|Any CPU.ActiveCfg = Release|Any CPU
		{761A2983-1170-4BD7-8998-E137F1DB6DD2}.Release|Any CPU.Build.0 = Release|Any CPU
		{A0DFCDC8-2DD7-4822-99A6-FA6B9E04E860}.Debug|Any CPU.ActiveCfg = Debug|Any CPU
		{A0DFCDC8-2DD7-4822-99A6-FA6B9E04E860}.Debug|Any CPU.Build.0 = Debug|Any CPU
		{A0DFCDC8-2DD7-4822-99A6-FA6B9E04E860}.Release|Any CPU.ActiveCfg = Release|Any CPU
		{A0DFCDC8-2DD7-4822-99A6-FA6B9E04E860}.Release|Any CPU.Build.0 = Release|Any CPU
		{03C76E7B-960C-456F-99ED-3A3E22FE09C9}.Debug|Any CPU.ActiveCfg = Debug|Any CPU
		{03C76E7B-960C-456F-99ED-3A3E22FE09C9}.Debug|Any CPU.Build.0 = Debug|Any CPU
		{03C76E7B-960C-456F-99ED-3A3E22FE09C9}.Release|Any CPU.ActiveCfg = Release|Any CPU
		{03C76E7B-960C-456F-99ED-3A3E22FE09C9}.Release|Any CPU.Build.0 = Release|Any CPU
		{B27B189A-903E-4052-9D84-8267966D47D4}.Debug|Any CPU.ActiveCfg = Debug|Any CPU
		{B27B189A-903E-4052-9D84-8267966D47D4}.Debug|Any CPU.Build.0 = Debug|Any CPU
		{B27B189A-903E-4052-9D84-8267966D47D4}.Release|Any CPU.ActiveCfg = Release|Any CPU
		{B27B189A-903E-4052-9D84-8267966D47D4}.Release|Any CPU.Build.0 = Release|Any CPU
		{D35191BF-B38C-4A66-A319-026A9B458B85}.Debug|Any CPU.ActiveCfg = Debug|Any CPU
		{D35191BF-B38C-4A66-A319-026A9B458B85}.Debug|Any CPU.Build.0 = Debug|Any CPU
		{D35191BF-B38C-4A66-A319-026A9B458B85}.Release|Any CPU.ActiveCfg = Release|Any CPU
		{D35191BF-B38C-4A66-A319-026A9B458B85}.Release|Any CPU.Build.0 = Release|Any CPU
		{4D8B866C-7A14-475C-ACF7-17560BEC0483}.Debug|Any CPU.ActiveCfg = Debug|Any CPU
		{4D8B866C-7A14-475C-ACF7-17560BEC0483}.Debug|Any CPU.Build.0 = Debug|Any CPU
		{4D8B866C-7A14-475C-ACF7-17560BEC0483}.Release|Any CPU.ActiveCfg = Release|Any CPU
		{4D8B866C-7A14-475C-ACF7-17560BEC0483}.Release|Any CPU.Build.0 = Release|Any CPU
		{4DB9485B-A92F-4C9E-A01A-6EC260D47081}.Debug|Any CPU.ActiveCfg = Debug|Any CPU
		{4DB9485B-A92F-4C9E-A01A-6EC260D47081}.Debug|Any CPU.Build.0 = Debug|Any CPU
		{4DB9485B-A92F-4C9E-A01A-6EC260D47081}.Release|Any CPU.ActiveCfg = Release|Any CPU
		{4DB9485B-A92F-4C9E-A01A-6EC260D47081}.Release|Any CPU.Build.0 = Release|Any CPU
		{DA04E762-2C55-4D1C-88A8-FB996366730E}.Debug|Any CPU.ActiveCfg = Debug|Any CPU
		{DA04E762-2C55-4D1C-88A8-FB996366730E}.Debug|Any CPU.Build.0 = Debug|Any CPU
		{DA04E762-2C55-4D1C-88A8-FB996366730E}.Release|Any CPU.ActiveCfg = Release|Any CPU
		{DA04E762-2C55-4D1C-88A8-FB996366730E}.Release|Any CPU.Build.0 = Release|Any CPU
		{B732B66D-07D9-475B-AC0A-27804582C2E1}.Debug|Any CPU.ActiveCfg = Debug|Any CPU
		{B732B66D-07D9-475B-AC0A-27804582C2E1}.Debug|Any CPU.Build.0 = Debug|Any CPU
		{B732B66D-07D9-475B-AC0A-27804582C2E1}.Release|Any CPU.ActiveCfg = Release|Any CPU
		{B732B66D-07D9-475B-AC0A-27804582C2E1}.Release|Any CPU.Build.0 = Release|Any CPU
		{2C1A9725-2E16-46F2-BFBB-0D6F9C174009}.Debug|Any CPU.ActiveCfg = Debug|Any CPU
		{2C1A9725-2E16-46F2-BFBB-0D6F9C174009}.Debug|Any CPU.Build.0 = Debug|Any CPU
		{2C1A9725-2E16-46F2-BFBB-0D6F9C174009}.Release|Any CPU.ActiveCfg = Release|Any CPU
		{2C1A9725-2E16-46F2-BFBB-0D6F9C174009}.Release|Any CPU.Build.0 = Release|Any CPU
	EndGlobalSection
EndGlobal
